
Microsoft Visual Studio Solution File, Format Version 12.00
# Visual Studio Version 18
VisualStudioVersion = 18.8.12023.21 stable
MinimumVisualStudioVersion = 10.0.40219.1
Project("{9A19103F-16F7-4668-BE54-9A1E7A4F7556}") = "Digital Services BD", "Digital Services BD.csproj", "{B9A8B16C-BAAC-407B-9066-33292453775A}"
EndProject
Global
	GlobalSection(SolutionConfigurationPlatforms) = preSolution
		Debug|Any CPU = Debug|Any CPU
		Release|Any CPU = Release|Any CPU
	EndGlobalSection
	GlobalSection(ProjectConfigurationPlatforms) = postSolution
		{B9A8B16C-BAAC-407B-9066-33292453775A}.Debug|Any CPU.ActiveCfg = Debug|Any CPU
		{B9A8B16C-BAAC-407B-9066-33292453775A}.Debug|Any CPU.Build.0 = Debug|Any CPU
		{B9A8B16C-BAAC-407B-9066-33292453775A}.Release|Any CPU.ActiveCfg = Release|Any CPU
		{B9A8B16C-BAAC-407B-9066-33292453775A}.Release|Any CPU.Build.0 = Release|Any CPU
	EndGlobalSection
	GlobalSection(SolutionProperties) = preSolution
		HideSolutionNode = FALSE
	EndGlobalSection
	GlobalSection(ExtensibilityGlobals) = postSolution
		SolutionGuid = {FE8B0FA8-A5F3-41F7-8DDA-F30F7EDF64D1}
	EndGlobalSection
EndGlobal
